
Microsoft Visual Studio Solution File, Format Version 12.00
# Visual Studio Version 17
VisualStudioVersion = 17.4.33205.214
MinimumVisualStudioVersion = 10.0.40219.1
Project("{2150E333-8FDC-42A3-9474-1A3956D46DE8}") = "Services", "Services", "{48951A47-F9DA-4DEA-BD11-165EFEA7718A}"
EndProject
Project("{2150E333-8FDC-42A3-9474-1A3956D46DE8}") = "Catalog", "Catalog", "{81860897-5E4B-49AA-B49B-F5A8515378C6}"
EndProject
Project("{9A19103F-16F7-4668-BE54-9A1E7A4F7556}") = "Catalog.API", "Services\Catalog\Catalog.API\Catalog.API.csproj", "{AC038FCF-C716-4BD4-A9A6-D1B443AE2DC6}"
EndProject
Project("{2150E333-8FDC-42A3-9474-1A3956D46DE8}") = "Basket", "Basket", "{63AFC360-C007-433D-8072-1D70F56EEF9A}"
EndProject
Project("{9A19103F-16F7-4668-BE54-9A1E7A4F7556}") = "Basket.API", "Services\Basket.API\Basket.API.csproj", "{9D53B702-134C-4D1D-93C1-D3B389CE2F66}"
EndProject
Project("{2150E333-8FDC-42A3-9474-1A3956D46DE8}") = "Discount", "Discount", "{3A313224-73A8-4B29-897D-786956963276}"
EndProject
Project("{9A19103F-16F7-4668-BE54-9A1E7A4F7556}") = "Discount.API", "Services\Discount\Discount.API\Discount.API.csproj", "{E1434411-2FDD-4634-A78B-6E6B75B7F860}"
EndProject
Project("{9A19103F-16F7-4668-BE54-9A1E7A4F7556}") = "Discount.Grpc", "Services\Discount\Discount.Grpc\Discount.Grpc.csproj", "{BF2383F0-C3EF-42D3-A7EA-318ED3C77AA2}"
EndProject
Project("{2150E333-8FDC-42A3-9474-1A3956D46DE8}") = "Ordering", "Ordering", "{95129BAD-9856-4A49-BD3B-B7BA1A3D04BF}"
EndProject
Project("{FAE04EC0-301F-11D3-BF4B-00C04F79EFBC}") = "Ordering.API", "Services\Ordering\Ordering.API\Ordering.API.csproj", "{8CF465A5-6930-4A9D-8E89-1BE649B75365}"
EndProject
Project("{FAE04EC0-301F-11D3-BF4B-00C04F79EFBC}") = "Ordering.Domain", "Services\Ordering\Ordering.Domain\Ordering.Domain.csproj", "{0CEC10B1-8CEF-4B5E-90EB-A6E696C2662C}"
EndProject
Project("{FAE04EC0-301F-11D3-BF4B-00C04F79EFBC}") = "Ordering.Application", "Services\Ordering\Ordering.Application\Ordering.Application.csproj", "{E9183470-5470-4C76-9B3D-8323CCD64D70}"
EndProject
Project("{FAE04EC0-301F-11D3-BF4B-00C04F79EFBC}") = "Ordering.Infrastructure", "Services\Ordering\Ordering.Infrastructure\Ordering.Infrastructure.csproj", "{05F88C8D-EEBD-4772-9699-1FCE83DF5B97}"
EndProject
Global
	GlobalSection(SolutionConfigurationPlatforms) = preSolution
		Debug|Any CPU = Debug|Any CPU
		Release|Any CPU = Release|Any CPU
	EndGlobalSection
	GlobalSection(ProjectConfigurationPlatforms) = postSolution
		{AC038FCF-C716-4BD4-A9A6-D1B443AE2DC6}.Debug|Any CPU.ActiveCfg = Debug|Any CPU
		{AC038FCF-C716-4BD4-A9A6-D1B443AE2DC6}.Debug|Any CPU.Build.0 = Debug|Any CPU
		{AC038FCF-C716-4BD4-A9A6-D1B443AE2DC6}.Release|Any CPU.ActiveCfg = Release|Any CPU
		{AC038FCF-C716-4BD4-A9A6-D1B443AE2DC6}.Release|Any CPU.Build.0 = Release|Any CPU
		{9D53B702-134C-4D1D-93C1-D3B389CE2F66}.Debug|Any CPU.ActiveCfg = Debug|Any CPU
		{9D53B702-134C-4D1D-93C1-D3B389CE2F66}.Debug|Any CPU.Build.0 = Debug|Any CPU
		{9D53B702-134C-4D1D-93C1-D3B389CE2F66}.Release|Any CPU.ActiveCfg = Release|Any CPU
		{9D53B702-134C-4D1D-93C1-D3B389CE2F66}.Release|Any CPU.Build.0 = Release|Any CPU
		{E1434411-2FDD-4634-A78B-6E6B75B7F860}.Debug|Any CPU.ActiveCfg = Debug|Any CPU
		{E1434411-2FDD-4634-A78B-6E6B75B7F860}.Debug|Any CPU.Build.0 = Debug|Any CPU
		{E1434411-2FDD-4634-A78B-6E6B75B7F860}.Release|Any CPU.ActiveCfg = Release|Any CPU
		{E1434411-2FDD-4634-A78B-6E6B75B7F860}.Release|Any CPU.Build.0 = Release|Any CPU
		{BF2383F0-C3EF-42D3-A7EA-318ED3C77AA2}.Debug|Any CPU.ActiveCfg = Debug|Any CPU
		{BF2383F0-C3EF-42D3-A7EA-318ED3C77AA2}.Debug|Any CPU.Build.0 = Debug|Any CPU
		{BF2383F0-C3EF-42D3-A7EA-318ED3C77AA2}.Release|Any CPU.ActiveCfg = Release|Any CPU
		{BF2383F0-C3EF-42D3-A7EA-318ED3C77AA2}.Release|Any CPU.Build.0 = Release|Any CPU
		{8CF465A5-6930-4A9D-8E89-1BE649B75365}.Debug|Any CPU.ActiveCfg = Debug|Any CPU
		{8CF465A5-6930-4A9D-8E89-1BE649B75365}.Debug|Any CPU.Build.0 = Debug|Any CPU
		{8CF465A5-6930-4A9D-8E89-1BE649B75365}.Release|Any CPU.ActiveCfg = Release|Any CPU
		{8CF465A5-6930-4A9D-8E89-1BE649B75365}.Release|Any CPU.Build.0 = Release|Any CPU
		{0CEC10B1-8CEF-4B5E-90EB-A6E696C2662C}.Debug|Any CPU.ActiveCfg = Debug|Any CPU
		{0CEC10B1-8CEF-4B5E-90EB-A6E696C2662C}.Debug|Any CPU.Build.0 = Debug|Any CPU
		{0CEC10B1-8CEF-4B5E-90EB-A6E696C2662C}.Release|Any CPU.ActiveCfg = Release|Any CPU
		{0CEC10B1-8CEF-4B5E-90EB-A6E696C2662C}.Release|Any CPU.Build.0 = Release|Any CPU
		{E9183470-5470-4C76-9B3D-8323CCD64D70}.Debug|Any CPU.ActiveCfg = Debug|Any CPU
		{E9183470-5470-4C76-9B3D-8323CCD64D70}.Debug|Any CPU.Build.0 = Debug|Any CPU
		{E9183470-5470-4C76-9B3D-8323CCD64D70}.Release|Any CPU.ActiveCfg = Release|Any CPU
		{E9183470-5470-4C76-9B3D-8323CCD64D70}.Release|Any CPU.Build.0 = Release|Any CPU
		{05F88C8D-EEBD-4772-9699-1FCE83DF5B97}.Debug|Any CPU.ActiveCfg = Debug|Any CPU
		{05F88C8D-EEBD-4772-9699-1FCE83DF5B97}.Debug|Any CPU.Build.0 = Debug|Any CPU
		{05F88C8D-EEBD-4772-9699-1FCE83DF5B97}.Release|Any CPU.ActiveCfg = Release|Any CPU
		{05F88C8D-EEBD-4772-9699-1FCE83DF5B97}.Release|Any CPU.Build.0 = Release|Any CPU
	EndGlobalSection
	GlobalSection(SolutionProperties) = preSolution
		HideSolutionNode = FALSE
	EndGlobalSection
	GlobalSection(NestedProjects) = preSolution
		{81860897-5E4B-49AA-B49B-F5A8515378C6} = {48951A47-F9DA-4DEA-BD11-165EFEA7718A}
		{AC038FCF-C716-4BD4-A9A6-D1B443AE2DC6} = {81860897-5E4B-49AA-B49B-F5A8515378C6}
		{63AFC360-C007-433D-8072-1D70F56EEF9A} = {48951A47-F9DA-4DEA-BD11-165EFEA7718A}
		{9D53B702-134C-4D1D-93C1-D3B389CE2F66} = {63AFC360-C007-433D-8072-1D70F56EEF9A}
		{3A313224-73A8-4B29-897D-786956963276} = {48951A47-F9DA-4DEA-BD11-165EFEA7718A}
		{E1434411-2FDD-4634-A78B-6E6B75B7F860} = {3A313224-73A8-4B29-897D-786956963276}
		{BF2383F0-C3EF-42D3-A7EA-318ED3C77AA2} = {3A313224-73A8-4B29-897D-786956963276}
		{95129BAD-9856-4A49-BD3B-B7BA1A3D04BF} = {48951A47-F9DA-4DEA-BD11-165EFEA7718A}
		{8CF465A5-6930-4A9D-8E89-1BE649B75365} = {95129BAD-9856-4A49-BD3B-B7BA1A3D04BF}
		{0CEC10B1-8CEF-4B5E-90EB-A6E696C2662C} = {95129BAD-9856-4A49-BD3B-B7BA1A3D04BF}
		{E9183470-5470-4C76-9B3D-8323CCD64D70} = {95129BAD-9856-4A49-BD3B-B7BA1A3D04BF}
		{05F88C8D-EEBD-4772-9699-1FCE83DF5B97} = {95129BAD-9856-4A49-BD3B-B7BA1A3D04BF}
	EndGlobalSection
	GlobalSection(ExtensibilityGlobals) = postSolution
		SolutionGuid = {4EAF4800-C5F8-4EC1-B55B-3B3EF16F7E5B}
	EndGlobalSection
EndGlobal
